<?xml version="1.0" encoding="UTF-8"?>
<Scheme
   version = "1.3">
   <BuildAction>
      <BuildActionEntries>
         <BuildActionEntry
            buildForRunning = "YES">
            <BuildableReference
               BuildableIdentifier = "primary"
               BlueprintIdentifier = "E9B9D78C208662F7002AFE3A"
               BuildableName = "brandNewBIke.app"
               BlueprintName = "brandNewBIke"
               ReferencedContainer = "container:brandNewBIke.xcodeproj">
            </BuildableReference>
         </BuildActionEntry>
      </BuildActionEntries>
   </BuildAction>
   <LaunchAction
      useCustomWorkingDirectory = "NO"
      buildConfiguration = "Debug"
      allowLocationSimulation = "YES">
      <BuildableProductRunnable>
         <BuildableReference
            BuildableIdentifier = "primary"
            BlueprintIdentifier = "E9B9D78C208662F7002AFE3A"
            BuildableName = "brandNewBIke.app"
            BlueprintName = "brandNewBIke"
            ReferencedContainer = "container:brandNewBIke.xcodeproj">
         </BuildableReference>
      </BuildableProductRunnable>
   </LaunchAction>
</Scheme>
