// !$*UTF8*$!
{
	archiveVersion = 1;
	classes = {
	};
	objectVersion = 48;
	objects = {

/* Begin PBXBuildFile section */
		61EA864F9071234854CCD92A /* LoginViewController.swift in Sources */ = {isa = PBXBuildFile; fileRef = 61EA8D9661CE0FC8760E7355 /* LoginViewController.swift */; };
		61EA8D1D1A72D5EB4355E9E2 /* LaunchScreen.storyboard in Resources */ = {isa = PBXBuildFile; fileRef = 61EA89A8EA8C704A6F19A58B /* LaunchScreen.storyboard */; };
		C494C8BE2AC4192A9E9384EE /* Pods_brandNewBIke.framework in Frameworks */ = {isa = PBXBuildFile; fileRef = 5DAD5F4DD9B16ABB116F4438 /* Pods_brandNewBIke.framework */; };
		E91D441E20A17F6700928C5F /* NavigationMenuItem.swift in Sources */ = {isa = PBXBuildFile; fileRef = E91D441C20A17F6700928C5F /* NavigationMenuItem.swift */; };
		E91D441F20A17F6700928C5F /* NavigationMenuItem.xib in Resources */ = {isa = PBXBuildFile; fileRef = E91D441D20A17F6700928C5F /* NavigationMenuItem.xib */; };
		E929B40320A8AB1300C7D8E4 /* ReturnForm.swift in Sources */ = {isa = PBXBuildFile; fileRef = E929B40220A8AB1300C7D8E4 /* ReturnForm.swift */; };
		E929B40520A8AC6A00C7D8E4 /* ReturnResponse.swift in Sources */ = {isa = PBXBuildFile; fileRef = E929B40420A8AC6A00C7D8E4 /* ReturnResponse.swift */; };
		E929B40820A8AD2200C7D8E4 /* ReturnProtocol.swift in Sources */ = {isa = PBXBuildFile; fileRef = E929B40720A8AD2200C7D8E4 /* ReturnProtocol.swift */; };
		E929B40A20A8B2AB00C7D8E4 /* BikeOperationProtocol.swift in Sources */ = {isa = PBXBuildFile; fileRef = E929B40920A8B2AB00C7D8E4 /* BikeOperationProtocol.swift */; };
		E9550EC620866AFA009A7A5B /* ServiceFactory.swift in Sources */ = {isa = PBXBuildFile; fileRef = E9550EC520866AFA009A7A5B /* ServiceFactory.swift */; };
		E9550ECD20867937009A7A5B /* User.swift in Sources */ = {isa = PBXBuildFile; fileRef = E9550ECC20867937009A7A5B /* User.swift */; };
		E9550ED32088B69F009A7A5B /* SessionStore.swift in Sources */ = {isa = PBXBuildFile; fileRef = E9550ED22088B69F009A7A5B /* SessionStore.swift */; };
		E9550ED8208998EA009A7A5B /* Api.swift in Sources */ = {isa = PBXBuildFile; fileRef = E9550ED7208998E9009A7A5B /* Api.swift */; };
		E9550EDB2089A22F009A7A5B /* StorageKey.swift in Sources */ = {isa = PBXBuildFile; fileRef = E9550EDA2089A22F009A7A5B /* StorageKey.swift */; };
		E9550EDD2089B094009A7A5B /* HomeViewController.swift in Sources */ = {isa = PBXBuildFile; fileRef = E9550EDC2089B094009A7A5B /* HomeViewController.swift */; };
		E9550EDF2089D11D009A7A5B /* TokenForm.swift in Sources */ = {isa = PBXBuildFile; fileRef = E9550EDE2089D11D009A7A5B /* TokenForm.swift */; };
		E9550EE12089E16A009A7A5B /* HomeViewModel.swift in Sources */ = {isa = PBXBuildFile; fileRef = E9550EE02089E16A009A7A5B /* HomeViewModel.swift */; };
		E9550EE32089E62D009A7A5B /* Location.swift in Sources */ = {isa = PBXBuildFile; fileRef = E9550EE22089E62D009A7A5B /* Location.swift */; };
		E9550EE7208AD47E009A7A5B /* Constants.swift in Sources */ = {isa = PBXBuildFile; fileRef = E9550EE6208AD47E009A7A5B /* Constants.swift */; };
		E9550EE9208AFF36009A7A5B /* BulletinFactory.swift in Sources */ = {isa = PBXBuildFile; fileRef = E9550EE8208AFF36009A7A5B /* BulletinFactory.swift */; };
		E95C6B3120B1E78700CAE370 /* ProfileTableViewController.swift in Sources */ = {isa = PBXBuildFile; fileRef = E95C6B3020B1E78700CAE370 /* ProfileTableViewController.swift */; };
		E95C6B3420B1E7B500CAE370 /* ProfileTableViewCell.swift in Sources */ = {isa = PBXBuildFile; fileRef = E95C6B3320B1E7B500CAE370 /* ProfileTableViewCell.swift */; };
		E95C6B3620B1ECEC00CAE370 /* ProfileViewModel.swift in Sources */ = {isa = PBXBuildFile; fileRef = E95C6B3520B1ECEC00CAE370 /* ProfileViewModel.swift */; };
		E95C6B3820B1ED3400CAE370 /* ProfileProtocols.swift in Sources */ = {isa = PBXBuildFile; fileRef = E95C6B3720B1ED3400CAE370 /* ProfileProtocols.swift */; };
		E95C6B3A20B285F100CAE370 /* NotificationFactory.swift in Sources */ = {isa = PBXBuildFile; fileRef = E95C6B3920B285F100CAE370 /* NotificationFactory.swift */; };
		E95C6B3C20B2A52E00CAE370 /* TermsAndConditionViewController.swift in Sources */ = {isa = PBXBuildFile; fileRef = E95C6B3B20B2A52E00CAE370 /* TermsAndConditionViewController.swift */; };
		E95C6B3E20B2CAC000CAE370 /* ErrorFactory.swift in Sources */ = {isa = PBXBuildFile; fileRef = E95C6B3D20B2CAC000CAE370 /* ErrorFactory.swift */; };
		E96DA3CE2129639400DEB2D5 /* HomeCentralManagerDelegate.swift in Sources */ = {isa = PBXBuildFile; fileRef = E96DA3CD2129639400DEB2D5 /* HomeCentralManagerDelegate.swift */; };
		E96DA3D2212963C700DEB2D5 /* mBluetoothUtil.m in Sources */ = {isa = PBXBuildFile; fileRef = E96DA3D1212963C700DEB2D5 /* mBluetoothUtil.m */; };
		E96DA3E42129641700DEB2D5 /* aes.c in Sources */ = {isa = PBXBuildFile; fileRef = E96DA3D52129641700DEB2D5 /* aes.c */; };
		E96DA3E52129641700DEB2D5 /* JMAES128.m in Sources */ = {isa = PBXBuildFile; fileRef = E96DA3D62129641700DEB2D5 /* JMAES128.m */; };
		E96DA3E62129641700DEB2D5 /* JMDataConversionTool.m in Sources */ = {isa = PBXBuildFile; fileRef = E96DA3DD2129641700DEB2D5 /* JMDataConversionTool.m */; };
		E96DA3E72129641700DEB2D5 /* JMBluetoothModel.m in Sources */ = {isa = PBXBuildFile; fileRef = E96DA3E12129641700DEB2D5 /* JMBluetoothModel.m */; };
		E96DA3E82129641700DEB2D5 /* JMBluetoothManager.m in Sources */ = {isa = PBXBuildFile; fileRef = E96DA3E32129641700DEB2D5 /* JMBluetoothManager.m */; };
		E96DA3EB212966B900DEB2D5 /* mBikeUtil.swift in Sources */ = {isa = PBXBuildFile; fileRef = E96DA3EA212966B900DEB2D5 /* mBikeUtil.swift */; };
		E97F550220B020A700A493E1 /* NavigationViewController.swift in Sources */ = {isa = PBXBuildFile; fileRef = E97F550120B020A700A493E1 /* NavigationViewController.swift */; };
		E97F550520B0332100A493E1 /* HomeViewModelProtocols.swift in Sources */ = {isa = PBXBuildFile; fileRef = E97F550420B0332100A493E1 /* HomeViewModelProtocols.swift */; };
		E97F550720B0335100A493E1 /* LoginProtocols.swift in Sources */ = {isa = PBXBuildFile; fileRef = E97F550620B0335100A493E1 /* LoginProtocols.swift */; };
		E97F550A20B0452000A493E1 /* HomeViewModelScannerExtension.swift in Sources */ = {isa = PBXBuildFile; fileRef = E97F550920B0452000A493E1 /* HomeViewModelScannerExtension.swift */; };
		E97F550C20B0455A00A493E1 /* HomeViewModelBottomSheetExtension.swift in Sources */ = {isa = PBXBuildFile; fileRef = E97F550B20B0455A00A493E1 /* HomeViewModelBottomSheetExtension.swift */; };
		E97F550E20B0460F00A493E1 /* HomeViewModelBikeOperationExtension.swift in Sources */ = {isa = PBXBuildFile; fileRef = E97F550D20B0460F00A493E1 /* HomeViewModelBikeOperationExtension.swift */; };
		E97F551320B06E3100A493E1 /* NavigationDelegate.swift in Sources */ = {isa = PBXBuildFile; fileRef = E97F551220B06E3100A493E1 /* NavigationDelegate.swift */; };
		E97F551520B06EFC00A493E1 /* HomeNavigationExtension.swift in Sources */ = {isa = PBXBuildFile; fileRef = E97F551420B06EFC00A493E1 /* HomeNavigationExtension.swift */; };
		E97F551920B09C7400A493E1 /* SplashViewModel.swift in Sources */ = {isa = PBXBuildFile; fileRef = E97F551820B09C7400A493E1 /* SplashViewModel.swift */; };
		E97F551B20B09CA300A493E1 /* SplashProtocols.swift in Sources */ = {isa = PBXBuildFile; fileRef = E97F551A20B09CA300A493E1 /* SplashProtocols.swift */; };
		E97F551F20B09F9E00A493E1 /* SplashViewController.swift in Sources */ = {isa = PBXBuildFile; fileRef = E97F551E20B09F9E00A493E1 /* SplashViewController.swift */; };
		E987534A208F118000C30DAD /* BorrowProtocol.swift in Sources */ = {isa = PBXBuildFile; fileRef = E9875349208F118000C30DAD /* BorrowProtocol.swift */; };
		E987534C208F204300C30DAD /* ManualUtil.swift in Sources */ = {isa = PBXBuildFile; fileRef = E987534B208F204300C30DAD /* ManualUtil.swift */; };
		E987534E208F243500C30DAD /* BikeOperation.swift in Sources */ = {isa = PBXBuildFile; fileRef = E987534D208F243500C30DAD /* BikeOperation.swift */; };
		E9875350208F248900C30DAD /* Session.swift in Sources */ = {isa = PBXBuildFile; fileRef = E987534F208F248900C30DAD /* Session.swift */; };
		E9875352208F253400C30DAD /* UsagePlan.swift in Sources */ = {isa = PBXBuildFile; fileRef = E9875351208F253400C30DAD /* UsagePlan.swift */; };
		E9ABB062208C7F9100370501 /* BluetoothUtil.swift in Sources */ = {isa = PBXBuildFile; fileRef = E9ABB061208C7F9100370501 /* BluetoothUtil.swift */; };
		E9ABB064208C80EC00370501 /* Bike.swift in Sources */ = {isa = PBXBuildFile; fileRef = E9ABB063208C80EC00370501 /* Bike.swift */; };
		E9ABB066208C820500370501 /* BikeList.swift in Sources */ = {isa = PBXBuildFile; fileRef = E9ABB065208C820500370501 /* BikeList.swift */; };
		E9B9D791208662F7002AFE3A /* AppDelegate.swift in Sources */ = {isa = PBXBuildFile; fileRef = E9B9D790208662F7002AFE3A /* AppDelegate.swift */; };
		E9B9D796208662F7002AFE3A /* Main.storyboard in Resources */ = {isa = PBXBuildFile; fileRef = E9B9D794208662F7002AFE3A /* Main.storyboard */; };
		E9B9D798208662F7002AFE3A /* Assets.xcassets in Resources */ = {isa = PBXBuildFile; fileRef = E9B9D797208662F7002AFE3A /* Assets.xcassets */; };
		E9B9D7AA20866458002AFE3A /* LoginForm.swift in Sources */ = {isa = PBXBuildFile; fileRef = E9B9D7A920866458002AFE3A /* LoginForm.swift */; };
		E9B9D7AC208664B1002AFE3A /* MockFactoroy.swift in Sources */ = {isa = PBXBuildFile; fileRef = E9B9D7AB208664B1002AFE3A /* MockFactoroy.swift */; };
		E9B9D7AE20866625002AFE3A /* LoginViewModel.swift in Sources */ = {isa = PBXBuildFile; fileRef = E9B9D7AD20866625002AFE3A /* LoginViewModel.swift */; };
		E9C0BA3E20A76883002F628F /* Timestamps.swift in Sources */ = {isa = PBXBuildFile; fileRef = E9C0BA3D20A76883002F628F /* Timestamps.swift */; };
		E9C0BA4020A76ED4002F628F /* BikeResponse.swift in Sources */ = {isa = PBXBuildFile; fileRef = E9C0BA3F20A76ED4002F628F /* BikeResponse.swift */; };
		E9C80A8E20A4B25A0086B200 /* ImageResizer.swift in Sources */ = {isa = PBXBuildFile; fileRef = E9C80A8D20A4B25A0086B200 /* ImageResizer.swift */; };
		E9C80A9020A5E7D20086B200 /* BikeStatus.swift in Sources */ = {isa = PBXBuildFile; fileRef = E9C80A8F20A5E7D20086B200 /* BikeStatus.swift */; };
		E9C80A9220A723000086B200 /* NetworkLogger.swift in Sources */ = {isa = PBXBuildFile; fileRef = E9C80A9120A723000086B200 /* NetworkLogger.swift */; };
		E9C80A9420A72B810086B200 /* BorrowForm.swift in Sources */ = {isa = PBXBuildFile; fileRef = E9C80A9320A72B810086B200 /* BorrowForm.swift */; };
		E9C80A9A20A759BE0086B200 /* HomeMapExtension.swift in Sources */ = {isa = PBXBuildFile; fileRef = E9C80A9920A759BE0086B200 /* HomeMapExtension.swift */; };
		E9C80A9C20A75A460086B200 /* HomeScannerExtension.swift in Sources */ = {isa = PBXBuildFile; fileRef = E9C80A9B20A75A460086B200 /* HomeScannerExtension.swift */; };
		E9C80A9E20A75AA60086B200 /* HomeLocationExtension.swift in Sources */ = {isa = PBXBuildFile; fileRef = E9C80A9D20A75AA60086B200 /* HomeLocationExtension.swift */; };
/* End PBXBuildFile section */

/* Begin PBXFileReference section */
		5DAD5F4DD9B16ABB116F4438 /* Pods_brandNewBIke.framework */ = {isa = PBXFileReference; explicitFileType = wrapper.framework; includeInIndex = 0; path = Pods_brandNewBIke.framework; sourceTree = BUILT_PRODUCTS_DIR; };
		61EA89A8EA8C704A6F19A58B /* LaunchScreen.storyboard */ = {isa = PBXFileReference; lastKnownFileType = file.storyboard; path = LaunchScreen.storyboard; sourceTree = "<group>"; };
		61EA8D9661CE0FC8760E7355 /* LoginViewController.swift */ = {isa = PBXFileReference; fileEncoding = 4; lastKnownFileType = sourcecode.swift; path = LoginViewController.swift; sourceTree = "<group>"; };
		7F6BE9B0A5D5FA177EBDD7D1 /* Pods-brandNewBIke.debug.xcconfig */ = {isa = PBXFileReference; includeInIndex = 1; lastKnownFileType = text.xcconfig; name = "Pods-brandNewBIke.debug.xcconfig"; path = "Pods/Target Support Files/Pods-brandNewBIke/Pods-brandNewBIke.debug.xcconfig"; sourceTree = "<group>"; };
		B177B7A56E412A0C32A99C0C /* Pods-brandNewBIke.release.xcconfig */ = {isa = PBXFileReference; includeInIndex = 1; lastKnownFileType = text.xcconfig; name = "Pods-brandNewBIke.release.xcconfig"; path = "Pods/Target Support Files/Pods-brandNewBIke/Pods-brandNewBIke.release.xcconfig"; sourceTree = "<group>"; };
		E91D441C20A17F6700928C5F /* NavigationMenuItem.swift */ = {isa = PBXFileReference; lastKnownFileType = sourcecode.swift; path = NavigationMenuItem.swift; sourceTree = "<group>"; };
		E91D441D20A17F6700928C5F /* NavigationMenuItem.xib */ = {isa = PBXFileReference; lastKnownFileType = file.xib; path = NavigationMenuItem.xib; sourceTree = "<group>"; };
		E929B40220A8AB1300C7D8E4 /* ReturnForm.swift */ = {isa = PBXFileReference; lastKnownFileType = sourcecode.swift; path = ReturnForm.swift; sourceTree = "<group>"; };
		E929B40420A8AC6A00C7D8E4 /* ReturnResponse.swift */ = {isa = PBXFileReference; lastKnownFileType = sourcecode.swift; path = ReturnResponse.swift; sourceTree = "<group>"; };
		E929B40720A8AD2200C7D8E4 /* ReturnProtocol.swift */ = {isa = PBXFileReference; lastKnownFileType = sourcecode.swift; path = ReturnProtocol.swift; sourceTree = "<group>"; };
		E929B40920A8B2AB00C7D8E4 /* BikeOperationProtocol.swift */ = {isa = PBXFileReference; lastKnownFileType = sourcecode.swift; path = BikeOperationProtocol.swift; sourceTree = "<group>"; };
		E9550EC520866AFA009A7A5B /* ServiceFactory.swift */ = {isa = PBXFileReference; lastKnownFileType = sourcecode.swift; path = ServiceFactory.swift; sourceTree = "<group>"; };
		E9550ECC20867937009A7A5B /* User.swift */ = {isa = PBXFileReference; lastKnownFileType = sourcecode.swift; path = User.swift; sourceTree = "<group>"; };
		E9550ED22088B69F009A7A5B /* SessionStore.swift */ = {isa = PBXFileReference; lastKnownFileType = sourcecode.swift; path = SessionStore.swift; sourceTree = "<group>"; };
		E9550ED7208998E9009A7A5B /* Api.swift */ = {isa = PBXFileReference; lastKnownFileType = sourcecode.swift; path = Api.swift; sourceTree = "<group>"; };
		E9550EDA2089A22F009A7A5B /* StorageKey.swift */ = {isa = PBXFileReference; lastKnownFileType = sourcecode.swift; path = StorageKey.swift; sourceTree = "<group>"; };
		E9550EDC2089B094009A7A5B /* HomeViewController.swift */ = {isa = PBXFileReference; lastKnownFileType = sourcecode.swift; path = HomeViewController.swift; sourceTree = "<group>"; };
		E9550EDE2089D11D009A7A5B /* TokenForm.swift */ = {isa = PBXFileReference; lastKnownFileType = sourcecode.swift; path = TokenForm.swift; sourceTree = "<group>"; };
		E9550EE02089E16A009A7A5B /* HomeViewModel.swift */ = {isa = PBXFileReference; lastKnownFileType = sourcecode.swift; path = HomeViewModel.swift; sourceTree = "<group>"; };
		E9550EE22089E62D009A7A5B /* Location.swift */ = {isa = PBXFileReference; lastKnownFileType = sourcecode.swift; path = Location.swift; sourceTree = "<group>"; };
		E9550EE6208AD47E009A7A5B /* Constants.swift */ = {isa = PBXFileReference; lastKnownFileType = sourcecode.swift; path = Constants.swift; sourceTree = "<group>"; };
		E9550EE8208AFF36009A7A5B /* BulletinFactory.swift */ = {isa = PBXFileReference; lastKnownFileType = sourcecode.swift; path = BulletinFactory.swift; sourceTree = "<group>"; };
		E95C6B3020B1E78700CAE370 /* ProfileTableViewController.swift */ = {isa = PBXFileReference; lastKnownFileType = sourcecode.swift; path = ProfileTableViewController.swift; sourceTree = "<group>"; };
		E95C6B3320B1E7B500CAE370 /* ProfileTableViewCell.swift */ = {isa = PBXFileReference; lastKnownFileType = sourcecode.swift; path = ProfileTableViewCell.swift; sourceTree = "<group>"; };
		E95C6B3520B1ECEC00CAE370 /* ProfileViewModel.swift */ = {isa = PBXFileReference; lastKnownFileType = sourcecode.swift; path = ProfileViewModel.swift; sourceTree = "<group>"; };
		E95C6B3720B1ED3400CAE370 /* ProfileProtocols.swift */ = {isa = PBXFileReference; lastKnownFileType = sourcecode.swift; path = ProfileProtocols.swift; sourceTree = "<group>"; };
		E95C6B3920B285F100CAE370 /* NotificationFactory.swift */ = {isa = PBXFileReference; lastKnownFileType = sourcecode.swift; path = NotificationFactory.swift; sourceTree = "<group>"; };
		E95C6B3B20B2A52E00CAE370 /* TermsAndConditionViewController.swift */ = {isa = PBXFileReference; fileEncoding = 4; lastKnownFileType = sourcecode.swift; path = TermsAndConditionViewController.swift; sourceTree = "<group>"; };
		E95C6B3D20B2CAC000CAE370 /* ErrorFactory.swift */ = {isa = PBXFileReference; lastKnownFileType = sourcecode.swift; path = ErrorFactory.swift; sourceTree = "<group>"; };
		E96DA3CD2129639400DEB2D5 /* HomeCentralManagerDelegate.swift */ = {isa = PBXFileReference; fileEncoding = 4; lastKnownFileType = sourcecode.swift; path = HomeCentralManagerDelegate.swift; sourceTree = "<group>"; };
		E96DA3D0212963C700DEB2D5 /* brandNewBIke-Bridging-Header.h */ = {isa = PBXFileReference; lastKnownFileType = sourcecode.c.h; path = "brandNewBIke-Bridging-Header.h"; sourceTree = "<group>"; };
		E96DA3D1212963C700DEB2D5 /* mBluetoothUtil.m */ = {isa = PBXFileReference; lastKnownFileType = sourcecode.c.objc; path = mBluetoothUtil.m; sourceTree = "<group>"; };
		E96DA3D52129641700DEB2D5 /* aes.c */ = {isa = PBXFileReference; fileEncoding = 4; lastKnownFileType = sourcecode.c.c; path = aes.c; sourceTree = "<group>"; };
		E96DA3D62129641700DEB2D5 /* JMAES128.m */ = {isa = PBXFileReference; fileEncoding = 4; lastKnownFileType = sourcecode.c.objc; path = JMAES128.m; sourceTree = "<group>"; };
		E96DA3D72129641700DEB2D5 /* aes.h */ = {isa = PBXFileReference; fileEncoding = 4; lastKnownFileType = sourcecode.c.h; path = aes.h; sourceTree = "<group>"; };
		E96DA3D82129641700DEB2D5 /* JMAES128.h */ = {isa = PBXFileReference; fileEncoding = 4; lastKnownFileType = sourcecode.c.h; path = JMAES128.h; sourceTree = "<group>"; };
		E96DA3DA2129641700DEB2D5 /* JMBluetoothLockOption.h */ = {isa = PBXFileReference; fileEncoding = 4; lastKnownFileType = sourcecode.c.h; path = JMBluetoothLockOption.h; sourceTree = "<group>"; };
		E96DA3DC2129641700DEB2D5 /* JMDataConversionTool.h */ = {isa = PBXFileReference; fileEncoding = 4; lastKnownFileType = sourcecode.c.h; path = JMDataConversionTool.h; sourceTree = "<group>"; };
		E96DA3DD2129641700DEB2D5 /* JMDataConversionTool.m */ = {isa = PBXFileReference; fileEncoding = 4; lastKnownFileType = sourcecode.c.objc; path = JMDataConversionTool.m; sourceTree = "<group>"; };
		E96DA3DE2129641700DEB2D5 /* JMBluetoothManager.h */ = {isa = PBXFileReference; fileEncoding = 4; lastKnownFileType = sourcecode.c.h; path = JMBluetoothManager.h; sourceTree = "<group>"; };
		E96DA3DF2129641700DEB2D5 /* JMBluetoothTooth.h */ = {isa = PBXFileReference; fileEncoding = 4; lastKnownFileType = sourcecode.c.h; path = JMBluetoothTooth.h; sourceTree = "<group>"; };
		E96DA3E12129641700DEB2D5 /* JMBluetoothModel.m */ = {isa = PBXFileReference; fileEncoding = 4; lastKnownFileType = sourcecode.c.objc; path = JMBluetoothModel.m; sourceTree = "<group>"; };
		E96DA3E22129641700DEB2D5 /* JMBluetoothModel.h */ = {isa = PBXFileReference; fileEncoding = 4; lastKnownFileType = sourcecode.c.h; path = JMBluetoothModel.h; sourceTree = "<group>"; };
		E96DA3E32129641700DEB2D5 /* JMBluetoothManager.m */ = {isa = PBXFileReference; fileEncoding = 4; lastKnownFileType = sourcecode.c.objc; path = JMBluetoothManager.m; sourceTree = "<group>"; };
		E96DA3E92129661C00DEB2D5 /* mBluetoothUtil.h */ = {isa = PBXFileReference; lastKnownFileType = sourcecode.c.h; path = mBluetoothUtil.h; sourceTree = "<group>"; };
		E96DA3EA212966B900DEB2D5 /* mBikeUtil.swift */ = {isa = PBXFileReference; lastKnownFileType = sourcecode.swift; path = mBikeUtil.swift; sourceTree = "<group>"; };
		E97F550120B020A700A493E1 /* NavigationViewController.swift */ = {isa = PBXFileReference; lastKnownFileType = sourcecode.swift; path = NavigationViewController.swift; sourceTree = "<group>"; };
		E97F550420B0332100A493E1 /* HomeViewModelProtocols.swift */ = {isa = PBXFileReference; lastKnownFileType = sourcecode.swift; path = HomeViewModelProtocols.swift; sourceTree = "<group>"; };
		E97F550620B0335100A493E1 /* LoginProtocols.swift */ = {isa = PBXFileReference; lastKnownFileType = sourcecode.swift; path = LoginProtocols.swift; sourceTree = "<group>"; };
		E97F550920B0452000A493E1 /* HomeViewModelScannerExtension.swift */ = {isa = PBXFileReference; lastKnownFileType = sourcecode.swift; path = HomeViewModelScannerExtension.swift; sourceTree = "<group>"; };
		E97F550B20B0455A00A493E1 /* HomeViewModelBottomSheetExtension.swift */ = {isa = PBXFileReference; lastKnownFileType = sourcecode.swift; path = HomeViewModelBottomSheetExtension.swift; sourceTree = "<group>"; };
		E97F550D20B0460F00A493E1 /* HomeViewModelBikeOperationExtension.swift */ = {isa = PBXFileReference; lastKnownFileType = sourcecode.swift; path = HomeViewModelBikeOperationExtension.swift; sourceTree = "<group>"; };
		E97F551220B06E3100A493E1 /* NavigationDelegate.swift */ = {isa = PBXFileReference; lastKnownFileType = sourcecode.swift; path = NavigationDelegate.swift; sourceTree = "<group>"; };
		E97F551420B06EFC00A493E1 /* HomeNavigationExtension.swift */ = {isa = PBXFileReference; lastKnownFileType = sourcecode.swift; path = HomeNavigationExtension.swift; sourceTree = "<group>"; };
		E97F551820B09C7400A493E1 /* SplashViewModel.swift */ = {isa = PBXFileReference; lastKnownFileType = sourcecode.swift; path = SplashViewModel.swift; sourceTree = "<group>"; };
		E97F551A20B09CA300A493E1 /* SplashProtocols.swift */ = {isa = PBXFileReference; lastKnownFileType = sourcecode.swift; path = SplashProtocols.swift; sourceTree = "<group>"; };
		E97F551E20B09F9E00A493E1 /* SplashViewController.swift */ = {isa = PBXFileReference; lastKnownFileType = sourcecode.swift; path = SplashViewController.swift; sourceTree = "<group>"; };
		E9875349208F118000C30DAD /* BorrowProtocol.swift */ = {isa = PBXFileReference; lastKnownFileType = sourcecode.swift; path = BorrowProtocol.swift; sourceTree = "<group>"; };
		E987534B208F204300C30DAD /* ManualUtil.swift */ = {isa = PBXFileReference; lastKnownFileType = sourcecode.swift; path = ManualUtil.swift; sourceTree = "<group>"; };
		E987534D208F243500C30DAD /* BikeOperation.swift */ = {isa = PBXFileReference; lastKnownFileType = sourcecode.swift; path = BikeOperation.swift; sourceTree = "<group>"; };
		E987534F208F248900C30DAD /* Session.swift */ = {isa = PBXFileReference; lastKnownFileType = sourcecode.swift; path = Session.swift; sourceTree = "<group>"; };
		E9875351208F253400C30DAD /* UsagePlan.swift */ = {isa = PBXFileReference; lastKnownFileType = sourcecode.swift; path = UsagePlan.swift; sourceTree = "<group>"; };
		E9ABB061208C7F9100370501 /* BluetoothUtil.swift */ = {isa = PBXFileReference; lastKnownFileType = sourcecode.swift; path = BluetoothUtil.swift; sourceTree = "<group>"; };
		E9ABB063208C80EC00370501 /* Bike.swift */ = {isa = PBXFileReference; lastKnownFileType = sourcecode.swift; path = Bike.swift; sourceTree = "<group>"; };
		E9ABB065208C820500370501 /* BikeList.swift */ = {isa = PBXFileReference; lastKnownFileType = sourcecode.swift; path = BikeList.swift; sourceTree = "<group>"; };
		E9B9D78D208662F7002AFE3A /* brandNewBIke.app */ = {isa = PBXFileReference; explicitFileType = wrapper.application; includeInIndex = 0; path = brandNewBIke.app; sourceTree = BUILT_PRODUCTS_DIR; };
		E9B9D790208662F7002AFE3A /* AppDelegate.swift */ = {isa = PBXFileReference; lastKnownFileType = sourcecode.swift; path = AppDelegate.swift; sourceTree = "<group>"; };
		E9B9D795208662F7002AFE3A /* Base */ = {isa = PBXFileReference; lastKnownFileType = file.storyboard; name = Base; path = Base.lproj/Main.storyboard; sourceTree = "<group>"; };
		E9B9D797208662F7002AFE3A /* Assets.xcassets */ = {isa = PBXFileReference; lastKnownFileType = folder.assetcatalog; path = Assets.xcassets; sourceTree = "<group>"; };
		E9B9D79C208662F7002AFE3A /* Info.plist */ = {isa = PBXFileReference; lastKnownFileType = text.plist.xml; path = Info.plist; sourceTree = "<group>"; };
		E9B9D7A920866458002AFE3A /* LoginForm.swift */ = {isa = PBXFileReference; lastKnownFileType = sourcecode.swift; path = LoginForm.swift; sourceTree = "<group>"; };
		E9B9D7AB208664B1002AFE3A /* MockFactoroy.swift */ = {isa = PBXFileReference; lastKnownFileType = sourcecode.swift; path = MockFactoroy.swift; sourceTree = "<group>"; };
		E9B9D7AD20866625002AFE3A /* LoginViewModel.swift */ = {isa = PBXFileReference; lastKnownFileType = sourcecode.swift; path = LoginViewModel.swift; sourceTree = "<group>"; };
		E9C0BA3D20A76883002F628F /* Timestamps.swift */ = {isa = PBXFileReference; fileEncoding = 4; lastKnownFileType = sourcecode.swift; path = Timestamps.swift; sourceTree = "<group>"; };
		E9C0BA3F20A76ED4002F628F /* BikeResponse.swift */ = {isa = PBXFileReference; lastKnownFileType = sourcecode.swift; path = BikeResponse.swift; sourceTree = "<group>"; };
		E9C80A8D20A4B25A0086B200 /* ImageResizer.swift */ = {isa = PBXFileReference; lastKnownFileType = sourcecode.swift; path = ImageResizer.swift; sourceTree = "<group>"; };
		E9C80A8F20A5E7D20086B200 /* BikeStatus.swift */ = {isa = PBXFileReference; lastKnownFileType = sourcecode.swift; path = BikeStatus.swift; sourceTree = "<group>"; };
		E9C80A9120A723000086B200 /* NetworkLogger.swift */ = {isa = PBXFileReference; lastKnownFileType = sourcecode.swift; path = NetworkLogger.swift; sourceTree = "<group>"; };
		E9C80A9320A72B810086B200 /* BorrowForm.swift */ = {isa = PBXFileReference; lastKnownFileType = sourcecode.swift; path = BorrowForm.swift; sourceTree = "<group>"; };
		E9C80A9920A759BE0086B200 /* HomeMapExtension.swift */ = {isa = PBXFileReference; lastKnownFileType = sourcecode.swift; path = HomeMapExtension.swift; sourceTree = "<group>"; };
		E9C80A9B20A75A460086B200 /* HomeScannerExtension.swift */ = {isa = PBXFileReference; lastKnownFileType = sourcecode.swift; path = HomeScannerExtension.swift; sourceTree = "<group>"; };
		E9C80A9D20A75AA60086B200 /* HomeLocationExtension.swift */ = {isa = PBXFileReference; lastKnownFileType = sourcecode.swift; path = HomeLocationExtension.swift; sourceTree = "<group>"; };
/* End PBXFileReference section */

/* Begin PBXFrameworksBuildPhase section */
		E9B9D78A208662F7002AFE3A /* Frameworks */ = {
			isa = PBXFrameworksBuildPhase;
			buildActionMask = 2147483647;
			files = (
				C494C8BE2AC4192A9E9384EE /* Pods_brandNewBIke.framework in Frameworks */,
			);
			runOnlyForDeploymentPostprocessing = 0;
		};
/* End PBXFrameworksBuildPhase section */

/* Begin PBXGroup section */
		7F98165A522F6A83CF3A1F4D /* Frameworks */ = {
			isa = PBXGroup;
			children = (
				5DAD5F4DD9B16ABB116F4438 /* Pods_brandNewBIke.framework */,
			);
			name = Frameworks;
			sourceTree = "<group>";
		};
		BB7A9594245B317191C26659 /* Pods */ = {
			isa = PBXGroup;
			children = (
				7F6BE9B0A5D5FA177EBDD7D1 /* Pods-brandNewBIke.debug.xcconfig */,
				B177B7A56E412A0C32A99C0C /* Pods-brandNewBIke.release.xcconfig */,
			);
			name = Pods;
			sourceTree = "<group>";
		};
		E91D441B20A17F3A00928C5F /* common */ = {
			isa = PBXGroup;
			children = (
				E91D441C20A17F6700928C5F /* NavigationMenuItem.swift */,
				E91D441D20A17F6700928C5F /* NavigationMenuItem.xib */,
			);
			path = common;
			sourceTree = "<group>";
		};
		E929B40620A8AD0A00C7D8E4 /* return */ = {
			isa = PBXGroup;
			children = (
				E929B40720A8AD2200C7D8E4 /* ReturnProtocol.swift */,
			);
			path = return;
			sourceTree = "<group>";
		};
		E9550EC420866AE8009A7A5B /* network */ = {
			isa = PBXGroup;
			children = (
				E9550EC520866AFA009A7A5B /* ServiceFactory.swift */,
				E9550ED7208998E9009A7A5B /* Api.swift */,
			);
			path = network;
			sourceTree = "<group>";
		};
		E9550ED92089A221009A7A5B /* common */ = {
			isa = PBXGroup;
			children = (
				E9550EDA2089A22F009A7A5B /* StorageKey.swift */,
				E9550EE6208AD47E009A7A5B /* Constants.swift */,
				E95C6B3920B285F100CAE370 /* NotificationFactory.swift */,
				E95C6B3D20B2CAC000CAE370 /* ErrorFactory.swift */,
			);
			name = common;
			path = "New Group";
			sourceTree = "<group>";
		};
		E95C6B3220B1E7A100CAE370 /* profile */ = {
			isa = PBXGroup;
			children = (
				E95C6B3020B1E78700CAE370 /* ProfileTableViewController.swift */,
				E95C6B3320B1E7B500CAE370 /* ProfileTableViewCell.swift */,
			);
			path = profile;
			sourceTree = "<group>";
		};
		E96DA3CF212963AD00DEB2D5 /* c-wrapper */ = {
			isa = PBXGroup;
			children = (
				E96DA3D1212963C700DEB2D5 /* mBluetoothUtil.m */,
				E96DA3D0212963C700DEB2D5 /* brandNewBIke-Bridging-Header.h */,
				E96DA3E92129661C00DEB2D5 /* mBluetoothUtil.h */,
			);
			path = "c-wrapper";
			sourceTree = "<group>";
		};
		E96DA3D32129641700DEB2D5 /* libBrazilBluetoothLock-SDK */ = {
			isa = PBXGroup;
			children = (
				E96DA3D42129641700DEB2D5 /* Encryption */,
				E96DA3D92129641700DEB2D5 /* Tools */,
				E96DA3DB2129641700DEB2D5 /* DataConver */,
				E96DA3DE2129641700DEB2D5 /* JMBluetoothManager.h */,
				E96DA3DF2129641700DEB2D5 /* JMBluetoothTooth.h */,
				E96DA3E02129641700DEB2D5 /* Bluetooth */,
				E96DA3E32129641700DEB2D5 /* JMBluetoothManager.m */,
			);
			path = "libBrazilBluetoothLock-SDK";
			sourceTree = "<group>";
		};
		E96DA3D42129641700DEB2D5 /* Encryption */ = {
			isa = PBXGroup;
			children = (
				E96DA3D52129641700DEB2D5 /* aes.c */,
				E96DA3D62129641700DEB2D5 /* JMAES128.m */,
				E96DA3D72129641700DEB2D5 /* aes.h */,
				E96DA3D82129641700DEB2D5 /* JMAES128.h */,
			);
			path = Encryption;
			sourceTree = "<group>";
		};
		E96DA3D92129641700DEB2D5 /* Tools */ = {
			isa = PBXGroup;
			children = (
				E96DA3DA2129641700DEB2D5 /* JMBluetoothLockOption.h */,
			);
			path = Tools;
			sourceTree = "<group>";
		};
		E96DA3DB2129641700DEB2D5 /* DataConver */ = {
			isa = PBXGroup;
			children = (
				E96DA3DC2129641700DEB2D5 /* JMDataConversionTool.h */,
				E96DA3DD2129641700DEB2D5 /* JMDataConversionTool.m */,
			);
			path = DataConver;
			sourceTree = "<group>";
		};
		E96DA3E02129641700DEB2D5 /* Bluetooth */ = {
			isa = PBXGroup;
			children = (
				E96DA3E12129641700DEB2D5 /* JMBluetoothModel.m */,
				E96DA3E22129641700DEB2D5 /* JMBluetoothModel.h */,
			);
			path = Bluetooth;
			sourceTree = "<group>";
		};
		E97F550320B0330200A493E1 /* protocol */ = {
			isa = PBXGroup;
			children = (
				E97F550420B0332100A493E1 /* HomeViewModelProtocols.swift */,
				E97F550620B0335100A493E1 /* LoginProtocols.swift */,
				E97F551A20B09CA300A493E1 /* SplashProtocols.swift */,
				E95C6B3720B1ED3400CAE370 /* ProfileProtocols.swift */,
			);
			path = protocol;
			sourceTree = "<group>";
		};
		E97F550820B0349D00A493E1 /* home */ = {
			isa = PBXGroup;
			children = (
				E9550EE02089E16A009A7A5B /* HomeViewModel.swift */,
				E97F550920B0452000A493E1 /* HomeViewModelScannerExtension.swift */,
				E97F550B20B0455A00A493E1 /* HomeViewModelBottomSheetExtension.swift */,
				E97F550D20B0460F00A493E1 /* HomeViewModelBikeOperationExtension.swift */,
			);
			path = home;
			sourceTree = "<group>";
		};
		E97F550F20B0643A00A493E1 /* navigation */ = {
			isa = PBXGroup;
			children = (
				E97F550120B020A700A493E1 /* NavigationViewController.swift */,
				E97F551220B06E3100A493E1 /* NavigationDelegate.swift */,
			);
			path = navigation;
			sourceTree = "<group>";
		};
		E9875348208F116900C30DAD /* borrow */ = {
			isa = PBXGroup;
			children = (
				E9875349208F118000C30DAD /* BorrowProtocol.swift */,
				E9ABB061208C7F9100370501 /* BluetoothUtil.swift */,
				E987534B208F204300C30DAD /* ManualUtil.swift */,
			);
			path = borrow;
			sourceTree = "<group>";
		};
		E9B9D784208662F7002AFE3A = {
			isa = PBXGroup;
			children = (
				E96DA3D32129641700DEB2D5 /* libBrazilBluetoothLock-SDK */,
				E9B9D78F208662F7002AFE3A /* brandNewBIke */,
				E9B9D78E208662F7002AFE3A /* Products */,
				BB7A9594245B317191C26659 /* Pods */,
				7F98165A522F6A83CF3A1F4D /* Frameworks */,
			);
			sourceTree = "<group>";
		};
		E9B9D78E208662F7002AFE3A /* Products */ = {
			isa = PBXGroup;
			children = (
				E9B9D78D208662F7002AFE3A /* brandNewBIke.app */,
			);
			name = Products;
			sourceTree = "<group>";
		};
		E9B9D78F208662F7002AFE3A /* brandNewBIke */ = {
			isa = PBXGroup;
			children = (
				E9550ED92089A221009A7A5B /* common */,
				E9550EC420866AE8009A7A5B /* network */,
				E9B9D7A8208663BC002AFE3A /* viewmodels */,
				E9B9D7A7208663B8002AFE3A /* view */,
				E9B9D7A6208663AD002AFE3A /* models */,
				E9B9D7A52086639F002AFE3A /* utils */,
				E9B9D7A420866395002AFE3A /* layout */,
				E9B9D7A320866388002AFE3A /* resources */,
				E9B9D790208662F7002AFE3A /* AppDelegate.swift */,
				E9B9D79C208662F7002AFE3A /* Info.plist */,
			);
			path = brandNewBIke;
			sourceTree = "<group>";
		};
		E9B9D7A320866388002AFE3A /* resources */ = {
			isa = PBXGroup;
			children = (
				E9B9D797208662F7002AFE3A /* Assets.xcassets */,
			);
			path = resources;
			sourceTree = "<group>";
		};
		E9B9D7A420866395002AFE3A /* layout */ = {
			isa = PBXGroup;
			children = (
				E9B9D794208662F7002AFE3A /* Main.storyboard */,
				61EA89A8EA8C704A6F19A58B /* LaunchScreen.storyboard */,
			);
			path = layout;
			sourceTree = "<group>";
		};
		E9B9D7A52086639F002AFE3A /* utils */ = {
			isa = PBXGroup;
			children = (
				E96DA3CF212963AD00DEB2D5 /* c-wrapper */,
				E929B40620A8AD0A00C7D8E4 /* return */,
				E9875348208F116900C30DAD /* borrow */,
				E9B9D7AB208664B1002AFE3A /* MockFactoroy.swift */,
				E9550ED22088B69F009A7A5B /* SessionStore.swift */,
				E9550EE8208AFF36009A7A5B /* BulletinFactory.swift */,
				E9C80A8D20A4B25A0086B200 /* ImageResizer.swift */,
				E9C80A9120A723000086B200 /* NetworkLogger.swift */,
				E929B40920A8B2AB00C7D8E4 /* BikeOperationProtocol.swift */,
				E96DA3EA212966B900DEB2D5 /* mBikeUtil.swift */,
			);
			path = utils;
			sourceTree = "<group>";
		};
		E9B9D7A6208663AD002AFE3A /* models */ = {
			isa = PBXGroup;
			children = (
				E9B9D7A920866458002AFE3A /* LoginForm.swift */,
				E9550ECC20867937009A7A5B /* User.swift */,
				E9550EDE2089D11D009A7A5B /* TokenForm.swift */,
				E9550EE22089E62D009A7A5B /* Location.swift */,
				E9ABB063208C80EC00370501 /* Bike.swift */,
				E9ABB065208C820500370501 /* BikeList.swift */,
				E987534D208F243500C30DAD /* BikeOperation.swift */,
				E987534F208F248900C30DAD /* Session.swift */,
				E9875351208F253400C30DAD /* UsagePlan.swift */,
				E9C80A8F20A5E7D20086B200 /* BikeStatus.swift */,
				E9C80A9320A72B810086B200 /* BorrowForm.swift */,
				E9C0BA3D20A76883002F628F /* Timestamps.swift */,
				E9C0BA3F20A76ED4002F628F /* BikeResponse.swift */,
				E929B40220A8AB1300C7D8E4 /* ReturnForm.swift */,
				E929B40420A8AC6A00C7D8E4 /* ReturnResponse.swift */,
			);
			path = models;
			sourceTree = "<group>";
		};
		E9B9D7A7208663B8002AFE3A /* view */ = {
			isa = PBXGroup;
			children = (
				E95C6B3220B1E7A100CAE370 /* profile */,
				E97F550F20B0643A00A493E1 /* navigation */,
				E9C80A9820A759420086B200 /* Home */,
				E91D441B20A17F3A00928C5F /* common */,
				61EA8D9661CE0FC8760E7355 /* LoginViewController.swift */,
				E97F551E20B09F9E00A493E1 /* SplashViewController.swift */,
				E95C6B3B20B2A52E00CAE370 /* TermsAndConditionViewController.swift */,
			);
			path = view;
			sourceTree = "<group>";
		};
		E9B9D7A8208663BC002AFE3A /* viewmodels */ = {
			isa = PBXGroup;
			children = (
				E97F550820B0349D00A493E1 /* home */,
				E97F550320B0330200A493E1 /* protocol */,
				E9B9D7AD20866625002AFE3A /* LoginViewModel.swift */,
				E97F551820B09C7400A493E1 /* SplashViewModel.swift */,
				E95C6B3520B1ECEC00CAE370 /* ProfileViewModel.swift */,
			);
			path = viewmodels;
			sourceTree = "<group>";
		};
		E9C80A9820A759420086B200 /* Home */ = {
			isa = PBXGroup;
			children = (
				E96DA3CD2129639400DEB2D5 /* HomeCentralManagerDelegate.swift */,
				E9550EDC2089B094009A7A5B /* HomeViewController.swift */,
				E9C80A9920A759BE0086B200 /* HomeMapExtension.swift */,
				E9C80A9B20A75A460086B200 /* HomeScannerExtension.swift */,
				E9C80A9D20A75AA60086B200 /* HomeLocationExtension.swift */,
				E97F551420B06EFC00A493E1 /* HomeNavigationExtension.swift */,
			);
			path = Home;
			sourceTree = "<group>";
		};
/* End PBXGroup section */

/* Begin PBXNativeTarget section */
		E9B9D78C208662F7002AFE3A /* brandNewBIke */ = {
			isa = PBXNativeTarget;
			buildConfigurationList = E9B9D79F208662F7002AFE3A /* Build configuration list for PBXNativeTarget "brandNewBIke" */;
			buildPhases = (
				9E37AB420926EB5E7A5A1FCD /* [CP] Check Pods Manifest.lock */,
				E9B9D789208662F7002AFE3A /* Sources */,
				E9B9D78A208662F7002AFE3A /* Frameworks */,
				E9B9D78B208662F7002AFE3A /* Resources */,
				05A24B2D9DEA9FB2C4EA3955 /* [CP] Embed Pods Frameworks */,
			);
			buildRules = (
			);
			dependencies = (
			);
			name = brandNewBIke;
			productName = brandNewBIke;
			productReference = E9B9D78D208662F7002AFE3A /* brandNewBIke.app */;
			productType = "com.apple.product-type.application";
		};
/* End PBXNativeTarget section */

/* Begin PBXProject section */
		E9B9D785208662F7002AFE3A /* Project object */ = {
			isa = PBXProject;
			attributes = {
				LastSwiftUpdateCheck = 0920;
				LastUpgradeCheck = 0920;
				ORGANIZATIONNAME = "Patipon Riebpradit";
				TargetAttributes = {
					E9B9D78C208662F7002AFE3A = {
						CreatedOnToolsVersion = 9.2;
						LastSwiftMigration = 0930;
						ProvisioningStyle = Automatic;
					};
				};
			};
			buildConfigurationList = E9B9D788208662F7002AFE3A /* Build configuration list for PBXProject "brandNewBIke" */;
			compatibilityVersion = "Xcode 8.0";
			developmentRegion = en;
			hasScannedForEncodings = 0;
			knownRegions = (
				en,
				Base,
			);
			mainGroup = E9B9D784208662F7002AFE3A;
			productRefGroup = E9B9D78E208662F7002AFE3A /* Products */;
			projectDirPath = "";
			projectRoot = "";
			targets = (
				E9B9D78C208662F7002AFE3A /* brandNewBIke */,
			);
		};
/* End PBXProject section */

/* Begin PBXResourcesBuildPhase section */
		E9B9D78B208662F7002AFE3A /* Resources */ = {
			isa = PBXResourcesBuildPhase;
			buildActionMask = 2147483647;
			files = (
				E9B9D798208662F7002AFE3A /* Assets.xcassets in Resources */,
				E9B9D796208662F7002AFE3A /* Main.storyboard in Resources */,
				61EA8D1D1A72D5EB4355E9E2 /* LaunchScreen.storyboard in Resources */,
				E91D441F20A17F6700928C5F /* NavigationMenuItem.xib in Resources */,
			);
			runOnlyForDeploymentPostprocessing = 0;
		};
/* End PBXResourcesBuildPhase section */

/* Begin PBXShellScriptBuildPhase section */
		05A24B2D9DEA9FB2C4EA3955 /* [CP] Embed Pods Frameworks */ = {
			isa = PBXShellScriptBuildPhase;
			buildActionMask = 2147483647;
			files = (
			);
			inputPaths = (
				"${SRCROOT}/Pods/Target Support Files/Pods-brandNewBIke/Pods-brandNewBIke-frameworks.sh",
				"${BUILT_PRODUCTS_DIR}/Alamofire/Alamofire.framework",
				"${BUILT_PRODUCTS_DIR}/BulletinBoard/BulletinBoard.framework",
				"${BUILT_PRODUCTS_DIR}/FontAwesome.swift/FontAwesome_swift.framework",
				"${BUILT_PRODUCTS_DIR}/ModelMapper/Mapper.framework",
				"${BUILT_PRODUCTS_DIR}/Moya/Moya.framework",
				"${BUILT_PRODUCTS_DIR}/Moya-ModelMapper/Moya_ModelMapper.framework",
				"${BUILT_PRODUCTS_DIR}/PAPermissions/PAPermissions.framework",
				"${BUILT_PRODUCTS_DIR}/QRCodeReader.swift/QRCodeReader.framework",
				"${BUILT_PRODUCTS_DIR}/Result/Result.framework",
				"${BUILT_PRODUCTS_DIR}/RxBluetoothKit/RxBluetoothKit.framework",
				"${BUILT_PRODUCTS_DIR}/RxCocoa/RxCocoa.framework",
				"${BUILT_PRODUCTS_DIR}/RxCodable/RxCodable.framework",
				"${BUILT_PRODUCTS_DIR}/RxSwift/RxSwift.framework",
				"${BUILT_PRODUCTS_DIR}/SideMenu/SideMenu.framework",
				"${BUILT_PRODUCTS_DIR}/SwiftLocation/SwiftLocation.framework",
				"${BUILT_PRODUCTS_DIR}/SwiftMessages/SwiftMessages.framework",
				"${BUILT_PRODUCTS_DIR}/SwiftyBeaver/SwiftyBeaver.framework",
				"${BUILT_PRODUCTS_DIR}/SwiftyJSON/SwiftyJSON.framework",
			);
			name = "[CP] Embed Pods Frameworks";
			outputPaths = (
				"${TARGET_BUILD_DIR}/${FRAMEWORKS_FOLDER_PATH}/Alamofire.framework",
				"${TARGET_BUILD_DIR}/${FRAMEWORKS_FOLDER_PATH}/BulletinBoard.framework",
				"${TARGET_BUILD_DIR}/${FRAMEWORKS_FOLDER_PATH}/FontAwesome_swift.framework",
				"${TARGET_BUILD_DIR}/${FRAMEWORKS_FOLDER_PATH}/Mapper.framework",
				"${TARGET_BUILD_DIR}/${FRAMEWORKS_FOLDER_PATH}/Moya.framework",
				"${TARGET_BUILD_DIR}/${FRAMEWORKS_FOLDER_PATH}/Moya_ModelMapper.framework",
				"${TARGET_BUILD_DIR}/${FRAMEWORKS_FOLDER_PATH}/PAPermissions.framework",
				"${TARGET_BUILD_DIR}/${FRAMEWORKS_FOLDER_PATH}/QRCodeReader.framework",
				"${TARGET_BUILD_DIR}/${FRAMEWORKS_FOLDER_PATH}/Result.framework",
				"${TARGET_BUILD_DIR}/${FRAMEWORKS_FOLDER_PATH}/RxBluetoothKit.framework",
				"${TARGET_BUILD_DIR}/${FRAMEWORKS_FOLDER_PATH}/RxCocoa.framework",
				"${TARGET_BUILD_DIR}/${FRAMEWORKS_FOLDER_PATH}/RxCodable.framework",
				"${TARGET_BUILD_DIR}/${FRAMEWORKS_FOLDER_PATH}/RxSwift.framework",
				"${TARGET_BUILD_DIR}/${FRAMEWORKS_FOLDER_PATH}/SideMenu.framework",
				"${TARGET_BUILD_DIR}/${FRAMEWORKS_FOLDER_PATH}/SwiftLocation.framework",
				"${TARGET_BUILD_DIR}/${FRAMEWORKS_FOLDER_PATH}/SwiftMessages.framework",
				"${TARGET_BUILD_DIR}/${FRAMEWORKS_FOLDER_PATH}/SwiftyBeaver.framework",
				"${TARGET_BUILD_DIR}/${FRAMEWORKS_FOLDER_PATH}/SwiftyJSON.framework",
			);
			runOnlyForDeploymentPostprocessing = 0;
			shellPath = /bin/sh;
			shellScript = "\"${SRCROOT}/Pods/Target Support Files/Pods-brandNewBIke/Pods-brandNewBIke-frameworks.sh\"\n";
			showEnvVarsInLog = 0;
		};
		9E37AB420926EB5E7A5A1FCD /* [CP] Check Pods Manifest.lock */ = {
			isa = PBXShellScriptBuildPhase;
			buildActionMask = 2147483647;
			files = (
			);
			inputPaths = (
				"${PODS_PODFILE_DIR_PATH}/Podfile.lock",
				"${PODS_ROOT}/Manifest.lock",
			);
			name = "[CP] Check Pods Manifest.lock";
			outputPaths = (
				"$(DERIVED_FILE_DIR)/Pods-brandNewBIke-checkManifestLockResult.txt",
			);
			runOnlyForDeploymentPostprocessing = 0;
			shellPath = /bin/sh;
			shellScript = "diff \"${PODS_PODFILE_DIR_PATH}/Podfile.lock\" \"${PODS_ROOT}/Manifest.lock\" > /dev/null\nif [ $? != 0 ] ; then\n    # print error to STDERR\n    echo \"error: The sandbox is not in sync with the Podfile.lock. Run 'pod install' or update your CocoaPods installation.\" >&2\n    exit 1\nfi\n# This output is used by Xcode 'outputs' to avoid re-running this script phase.\necho \"SUCCESS\" > \"${SCRIPT_OUTPUT_FILE_0}\"\n";
			showEnvVarsInLog = 0;
		};
/* End PBXShellScriptBuildPhase section */

/* Begin PBXSourcesBuildPhase section */
		E9B9D789208662F7002AFE3A /* Sources */ = {
			isa = PBXSourcesBuildPhase;
			buildActionMask = 2147483647;
			files = (
				E987534C208F204300C30DAD /* ManualUtil.swift in Sources */,
				E97F550520B0332100A493E1 /* HomeViewModelProtocols.swift in Sources */,
				E97F551520B06EFC00A493E1 /* HomeNavigationExtension.swift in Sources */,
				E96DA3E82129641700DEB2D5 /* JMBluetoothManager.m in Sources */,
				E929B40820A8AD2200C7D8E4 /* ReturnProtocol.swift in Sources */,
				E96DA3E62129641700DEB2D5 /* JMDataConversionTool.m in Sources */,
				E9550ED8208998EA009A7A5B /* Api.swift in Sources */,
				E9550EC620866AFA009A7A5B /* ServiceFactory.swift in Sources */,
				E9550EE9208AFF36009A7A5B /* BulletinFactory.swift in Sources */,
				E95C6B3A20B285F100CAE370 /* NotificationFactory.swift in Sources */,
				E9B9D7AA20866458002AFE3A /* LoginForm.swift in Sources */,
				E95C6B3420B1E7B500CAE370 /* ProfileTableViewCell.swift in Sources */,
				E96DA3D2212963C700DEB2D5 /* mBluetoothUtil.m in Sources */,
				E97F551F20B09F9E00A493E1 /* SplashViewController.swift in Sources */,
				E9B9D7AC208664B1002AFE3A /* MockFactoroy.swift in Sources */,
				E9B9D7AE20866625002AFE3A /* LoginViewModel.swift in Sources */,
				E95C6B3820B1ED3400CAE370 /* ProfileProtocols.swift in Sources */,
				E96DA3E42129641700DEB2D5 /* aes.c in Sources */,
				E95C6B3620B1ECEC00CAE370 /* ProfileViewModel.swift in Sources */,
				E97F551B20B09CA300A493E1 /* SplashProtocols.swift in Sources */,
				E9C0BA4020A76ED4002F628F /* BikeResponse.swift in Sources */,
				E9550EDB2089A22F009A7A5B /* StorageKey.swift in Sources */,
				E9ABB062208C7F9100370501 /* BluetoothUtil.swift in Sources */,
				E9C0BA3E20A76883002F628F /* Timestamps.swift in Sources */,
				E9550EE32089E62D009A7A5B /* Location.swift in Sources */,
				E9C80A9A20A759BE0086B200 /* HomeMapExtension.swift in Sources */,
				E96DA3E72129641700DEB2D5 /* JMBluetoothModel.m in Sources */,
				E9875350208F248900C30DAD /* Session.swift in Sources */,
				E97F550A20B0452000A493E1 /* HomeViewModelScannerExtension.swift in Sources */,
				E91D441E20A17F6700928C5F /* NavigationMenuItem.swift in Sources */,
				E987534E208F243500C30DAD /* BikeOperation.swift in Sources */,
				E97F550C20B0455A00A493E1 /* HomeViewModelBottomSheetExtension.swift in Sources */,
				E95C6B3120B1E78700CAE370 /* ProfileTableViewController.swift in Sources */,
				E9550EE7208AD47E009A7A5B /* Constants.swift in Sources */,
				E9550ED32088B69F009A7A5B /* SessionStore.swift in Sources */,
				E929B40520A8AC6A00C7D8E4 /* ReturnResponse.swift in Sources */,
				E9550EDD2089B094009A7A5B /* HomeViewController.swift in Sources */,
				E96DA3EB212966B900DEB2D5 /* mBikeUtil.swift in Sources */,
				E9ABB066208C820500370501 /* BikeList.swift in Sources */,
				E9C80A9C20A75A460086B200 /* HomeScannerExtension.swift in Sources */,
				E97F550E20B0460F00A493E1 /* HomeViewModelBikeOperationExtension.swift in Sources */,
				E9ABB064208C80EC00370501 /* Bike.swift in Sources */,
				E95C6B3C20B2A52E00CAE370 /* TermsAndConditionViewController.swift in Sources */,
				E9C80A8E20A4B25A0086B200 /* ImageResizer.swift in Sources */,
				E96DA3E52129641700DEB2D5 /* JMAES128.m in Sources */,
				E9550EE12089E16A009A7A5B /* HomeViewModel.swift in Sources */,
				E929B40A20A8B2AB00C7D8E4 /* BikeOperationProtocol.swift in Sources */,
				E97F551320B06E3100A493E1 /* NavigationDelegate.swift in Sources */,
				E97F550220B020A700A493E1 /* NavigationViewController.swift in Sources */,
				E9C80A9E20A75AA60086B200 /* HomeLocationExtension.swift in Sources */,
				E9550ECD20867937009A7A5B /* User.swift in Sources */,
				E96DA3CE2129639400DEB2D5 /* HomeCentralManagerDelegate.swift in Sources */,
				E929B40320A8AB1300C7D8E4 /* ReturnForm.swift in Sources */,
				E97F550720B0335100A493E1 /* LoginProtocols.swift in Sources */,
				E97F551920B09C7400A493E1 /* SplashViewModel.swift in Sources */,
				E9C80A9220A723000086B200 /* NetworkLogger.swift in Sources */,
				E9875352208F253400C30DAD /* UsagePlan.swift in Sources */,
				E9C80A9420A72B810086B200 /* BorrowForm.swift in Sources */,
				E9B9D791208662F7002AFE3A /* AppDelegate.swift in Sources */,
				E9C80A9020A5E7D20086B200 /* BikeStatus.swift in Sources */,
				61EA864F9071234854CCD92A /* LoginViewController.swift in Sources */,
				E987534A208F118000C30DAD /* BorrowProtocol.swift in Sources */,
				E9550EDF2089D11D009A7A5B /* TokenForm.swift in Sources */,
				E95C6B3E20B2CAC000CAE370 /* ErrorFactory.swift in Sources */,
			);
			runOnlyForDeploymentPostprocessing = 0;
		};
/* End PBXSourcesBuildPhase section */

/* Begin PBXVariantGroup section */
		E9B9D794208662F7002AFE3A /* Main.storyboard */ = {
			isa = PBXVariantGroup;
			children = (
				E9B9D795208662F7002AFE3A /* Base */,
			);
			name = Main.storyboard;
			sourceTree = "<group>";
		};
/* End PBXVariantGroup section */

/* Begin XCBuildConfiguration section */
		E9B9D79D208662F7002AFE3A /* Debug */ = {
			isa = XCBuildConfiguration;
			buildSettings = {
				ALWAYS_SEARCH_USER_PATHS = NO;
				CLANG_ANALYZER_NONNULL = YES;
				CLANG_ANALYZER_NUMBER_OBJECT_CONVERSION = YES_AGGRESSIVE;
				CLANG_CXX_LANGUAGE_STANDARD = "gnu++14";
				CLANG_CXX_LIBRARY = "libc++";
				CLANG_ENABLE_MODULES = YES;
				CLANG_ENABLE_OBJC_ARC = YES;
				CLANG_WARN_BLOCK_CAPTURE_AUTORELEASING = YES;
				CLANG_WARN_BOOL_CONVERSION = YES;
				CLANG_WARN_COMMA = YES;
				CLANG_WARN_CONSTANT_CONVERSION = YES;
				CLANG_WARN_DIRECT_OBJC_ISA_USAGE = YES_ERROR;
				CLANG_WARN_DOCUMENTATION_COMMENTS = YES;
				CLANG_WARN_EMPTY_BODY = YES;
				CLANG_WARN_ENUM_CONVERSION = YES;
				CLANG_WARN_INFINITE_RECURSION = YES;
				CLANG_WARN_INT_CONVERSION = YES;
				CLANG_WARN_NON_LITERAL_NULL_CONVERSION = YES;
				CLANG_WARN_OBJC_LITERAL_CONVERSION = YES;
				CLANG_WARN_OBJC_ROOT_CLASS = YES_ERROR;
				CLANG_WARN_RANGE_LOOP_ANALYSIS = YES;
				CLANG_WARN_STRICT_PROTOTYPES = YES;
				CLANG_WARN_SUSPICIOUS_MOVE = YES;
				CLANG_WARN_UNGUARDED_AVAILABILITY = YES_AGGRESSIVE;
				CLANG_WARN_UNREACHABLE_CODE = YES;
				CLANG_WARN__DUPLICATE_METHOD_MATCH = YES;
				CODE_SIGN_IDENTITY = "iPhone Developer";
				COPY_PHASE_STRIP = NO;
				DEBUG_INFORMATION_FORMAT = dwarf;
				ENABLE_STRICT_OBJC_MSGSEND = YES;
				ENABLE_TESTABILITY = YES;
				GCC_C_LANGUAGE_STANDARD = gnu11;
				GCC_DYNAMIC_NO_PIC = NO;
				GCC_NO_COMMON_BLOCKS = YES;
				GCC_OPTIMIZATION_LEVEL = 0;
				GCC_PREPROCESSOR_DEFINITIONS = (
					"DEBUG=1",
					"$(inherited)",
				);
				GCC_WARN_64_TO_32_BIT_CONVERSION = YES;
				GCC_WARN_ABOUT_RETURN_TYPE = YES_ERROR;
				GCC_WARN_UNDECLARED_SELECTOR = YES;
				GCC_WARN_UNINITIALIZED_AUTOS = YES_AGGRESSIVE;
				GCC_WARN_UNUSED_FUNCTION = YES;
				GCC_WARN_UNUSED_VARIABLE = YES;
				IPHONEOS_DEPLOYMENT_TARGET = 11.2;
				MTL_ENABLE_DEBUG_INFO = YES;
				ONLY_ACTIVE_ARCH = YES;
				SDKROOT = iphoneos;
				SWIFT_ACTIVE_COMPILATION_CONDITIONS = DEBUG;
				SWIFT_OPTIMIZATION_LEVEL = "-Onone";
			};
			name = Debug;
		};
		E9B9D79E208662F7002AFE3A /* Release */ = {
			isa = XCBuildConfiguration;
			buildSettings = {
				ALWAYS_SEARCH_USER_PATHS = NO;
				CLANG_ANALYZER_NONNULL = YES;
				CLANG_ANALYZER_NUMBER_OBJECT_CONVERSION = YES_AGGRESSIVE;
				CLANG_CXX_LANGUAGE_STANDARD = "gnu++14";
				CLANG_CXX_LIBRARY = "libc++";
				CLANG_ENABLE_MODULES = YES;
				CLANG_ENABLE_OBJC_ARC = YES;
				CLANG_WARN_BLOCK_CAPTURE_AUTORELEASING = YES;
				CLANG_WARN_BOOL_CONVERSION = YES;
				CLANG_WARN_COMMA = YES;
				CLANG_WARN_CONSTANT_CONVERSION = YES;
				CLANG_WARN_DIRECT_OBJC_ISA_USAGE = YES_ERROR;
				CLANG_WARN_DOCUMENTATION_COMMENTS = YES;
				CLANG_WARN_EMPTY_BODY = YES;
				CLANG_WARN_ENUM_CONVERSION = YES;
				CLANG_WARN_INFINITE_RECURSION = YES;
				CLANG_WARN_INT_CONVERSION = YES;
				CLANG_WARN_NON_LITERAL_NULL_CONVERSION = YES;
				CLANG_WARN_OBJC_LITERAL_CONVERSION = YES;
				CLANG_WARN_OBJC_ROOT_CLASS = YES_ERROR;
				CLANG_WARN_RANGE_LOOP_ANALYSIS = YES;
				CLANG_WARN_STRICT_PROTOTYPES = YES;
				CLANG_WARN_SUSPICIOUS_MOVE = YES;
				CLANG_WARN_UNGUARDED_AVAILABILITY = YES_AGGRESSIVE;
				CLANG_WARN_UNREACHABLE_CODE = YES;
				CLANG_WARN__DUPLICATE_METHOD_MATCH = YES;
				CODE_SIGN_IDENTITY = "iPhone Developer";
				COPY_PHASE_STRIP = NO;
				DEBUG_INFORMATION_FORMAT = "dwarf-with-dsym";
				ENABLE_NS_ASSERTIONS = NO;
				ENABLE_STRICT_OBJC_MSGSEND = YES;
				GCC_C_LANGUAGE_STANDARD = gnu11;
				GCC_NO_COMMON_BLOCKS = YES;
				GCC_WARN_64_TO_32_BIT_CONVERSION = YES;
				GCC_WARN_ABOUT_RETURN_TYPE = YES_ERROR;
				GCC_WARN_UNDECLARED_SELECTOR = YES;
				GCC_WARN_UNINITIALIZED_AUTOS = YES_AGGRESSIVE;
				GCC_WARN_UNUSED_FUNCTION = YES;
				GCC_WARN_UNUSED_VARIABLE = YES;
				IPHONEOS_DEPLOYMENT_TARGET = 11.2;
				MTL_ENABLE_DEBUG_INFO = NO;
				SDKROOT = iphoneos;
				SWIFT_OPTIMIZATION_LEVEL = "-Owholemodule";
				VALIDATE_PRODUCT = YES;
			};
			name = Release;
		};
		E9B9D7A0208662F7002AFE3A /* Debug */ = {
			isa = XCBuildConfiguration;
			baseConfigurationReference = 7F6BE9B0A5D5FA177EBDD7D1 /* Pods-brandNewBIke.debug.xcconfig */;
			buildSettings = {
				ASSETCATALOG_COMPILER_APPICON_NAME = AppIcon;
				CLANG_ENABLE_MODULES = YES;
				CODE_SIGN_STYLE = Automatic;
				DEFINES_MODULE = YES;
				DEVELOPMENT_TEAM = JX5K63M5J9;
				INFOPLIST_FILE = brandNewBIke/Info.plist;
				LD_RUNPATH_SEARCH_PATHS = "$(inherited) @executable_path/Frameworks";
				PRODUCT_BUNDLE_IDENTIFIER = kmitl.brandNewBIke;
				PRODUCT_NAME = "$(TARGET_NAME)";
				SWIFT_OBJC_BRIDGING_HEADER = "brandNewBIke/utils/c-wrapper/brandNewBIke-Bridging-Header.h";
				SWIFT_OPTIMIZATION_LEVEL = "-Onone";
				SWIFT_VERSION = 4.0;
				TARGETED_DEVICE_FAMILY = "1,2";
			};
			name = Debug;
		};
		E9B9D7A1208662F7002AFE3A /* Release */ = {
			isa = XCBuildConfiguration;
			baseConfigurationReference = B177B7A56E412A0C32A99C0C /* Pods-brandNewBIke.release.xcconfig */;
			buildSettings = {
				ASSETCATALOG_COMPILER_APPICON_NAME = AppIcon;
				CLANG_ENABLE_MODULES = YES;
				CODE_SIGN_STYLE = Automatic;
				DEFINES_MODULE = YES;
				DEVELOPMENT_TEAM = JX5K63M5J9;
				INFOPLIST_FILE = brandNewBIke/Info.plist;
				LD_RUNPATH_SEARCH_PATHS = "$(inherited) @executable_path/Frameworks";
				PRODUCT_BUNDLE_IDENTIFIER = kmitl.brandNewBIke;
				PRODUCT_NAME = "$(TARGET_NAME)";
				SWIFT_OBJC_BRIDGING_HEADER = "brandNewBIke/utils/c-wrapper/brandNewBIke-Bridging-Header.h";
				SWIFT_VERSION = 4.0;
				TARGETED_DEVICE_FAMILY = "1,2";
			};
			name = Release;
		};
/* End XCBuildConfiguration section */

/* Begin XCConfigurationList section */
		E9B9D788208662F7002AFE3A /* Build configuration list for PBXProject "brandNewBIke" */ = {
			isa = XCConfigurationList;
			buildConfigurations = (
				E9B9D79D208662F7002AFE3A /* Debug */,
				E9B9D79E208662F7002AFE3A /* Release */,
			);
			defaultConfigurationIsVisible = 0;
			defaultConfigurationName = Release;
		};
		E9B9D79F208662F7002AFE3A /* Build configuration list for PBXNativeTarget "brandNewBIke" */ = {
			isa = XCConfigurationList;
			buildConfigurations = (
				E9B9D7A0208662F7002AFE3A /* Debug */,
				E9B9D7A1208662F7002AFE3A /* Release */,
			);
			defaultConfigurationIsVisible = 0;
			defaultConfigurationName = Release;
		};
/* End XCConfigurationList section */
	};
	rootObject = E9B9D785208662F7002AFE3A /* Project object */;
}
